
Microsoft Visual Studio Solution File, Format Version 12.00
# Visual Studio Version 16
VisualStudioVersion = 16.0.30621.155
MinimumVisualStudioVersion = 10.0.40219.1
Project("{9A19103F-16F7-4668-BE54-9A1E7A4F7556}") = "MasterASPCore_Udemy", "MasterASPCore_Udemy\MasterASPCore_Udemy.csproj", "{6477F30E-DEDB-4BD1-BB22-6D5B4515817E}"
EndProject
Project("{9A19103F-16F7-4668-BE54-9A1E7A4F7556}") = "Dominio", "Dominio\Dominio.csproj", "{3D5F7D07-44E1-4E58-846E-2F2387927A77}"
EndProject
Project("{9A19103F-16F7-4668-BE54-9A1E7A4F7556}") = "Aplicacion", "Aplicacion\Aplicacion.csproj", "{397A7F0C-6210-4155-A8D0-8FC4A514E333}"
	ProjectSection(ProjectDependencies) = postProject
		{3D5F7D07-44E1-4E58-846E-2F2387927A77} = {3D5F7D07-44E1-4E58-846E-2F2387927A77}
		{E390B030-1507-48D5-AF29-F5A5E9AAE5AD} = {E390B030-1507-48D5-AF29-F5A5E9AAE5AD}
	EndProjectSection
EndProject
Project("{9A19103F-16F7-4668-BE54-9A1E7A4F7556}") = "Persistencia", "Persistencia\Persistencia.csproj", "{E390B030-1507-48D5-AF29-F5A5E9AAE5AD}"
	ProjectSection(ProjectDependencies) = postProject
		{3D5F7D07-44E1-4E58-846E-2F2387927A77} = {3D5F7D07-44E1-4E58-846E-2F2387927A77}
	EndProjectSection
EndProject
Project("{9A19103F-16F7-4668-BE54-9A1E7A4F7556}") = "WebApi", "WebApi\WebApi.csproj", "{A2243CED-07B8-43FA-8C1E-579BEAAFF3B7}"
	ProjectSection(ProjectDependencies) = postProject
		{397A7F0C-6210-4155-A8D0-8FC4A514E333} = {397A7F0C-6210-4155-A8D0-8FC4A514E333}
	EndProjectSection
EndProject
Project("{9A19103F-16F7-4668-BE54-9A1E7A4F7556}") = "Seguridad", "Seguridad\Seguridad.csproj", "{8827F8B4-C645-451A-BD81-7DAE174982A9}"
EndProject
Global
	GlobalSection(SolutionConfigurationPlatforms) = preSolution
		Debug|Any CPU = Debug|Any CPU
		Release|Any CPU = Release|Any CPU
	EndGlobalSection
	GlobalSection(ProjectConfigurationPlatforms) = postSolution
		{6477F30E-DEDB-4BD1-BB22-6D5B4515817E}.Debug|Any CPU.ActiveCfg = Debug|Any CPU
		{6477F30E-DEDB-4BD1-BB22-6D5B4515817E}.Debug|Any CPU.Build.0 = Debug|Any CPU
		{6477F30E-DEDB-4BD1-BB22-6D5B4515817E}.Release|Any CPU.ActiveCfg = Release|Any CPU
		{6477F30E-DEDB-4BD1-BB22-6D5B4515817E}.Release|Any CPU.Build.0 = Release|Any CPU
		{3D5F7D07-44E1-4E58-846E-2F2387927A77}.Debug|Any CPU.ActiveCfg = Debug|Any CPU
		{3D5F7D07-44E1-4E58-846E-2F2387927A77}.Debug|Any CPU.Build.0 = Debug|Any CPU
		{3D5F7D07-44E1-4E58-846E-2F2387927A77}.Release|Any CPU.ActiveCfg = Release|Any CPU
		{3D5F7D07-44E1-4E58-846E-2F2387927A77}.Release|Any CPU.Build.0 = Release|Any CPU
		{397A7F0C-6210-4155-A8D0-8FC4A514E333}.Debug|Any CPU.ActiveCfg = Debug|Any CPU
		{397A7F0C-6210-4155-A8D0-8FC4A514E333}.Debug|Any CPU.Build.0 = Debug|Any CPU
		{397A7F0C-6210-4155-A8D0-8FC4A514E333}.Release|Any CPU.ActiveCfg = Release|Any CPU
		{397A7F0C-6210-4155-A8D0-8FC4A514E333}.Release|Any CPU.Build.0 = Release|Any CPU
		{E390B030-1507-48D5-AF29-F5A5E9AAE5AD}.Debug|Any CPU.ActiveCfg = Debug|Any CPU
		{E390B030-1507-48D5-AF29-F5A5E9AAE5AD}.Debug|Any CPU.Build.0 = Debug|Any CPU
		{E390B030-1507-48D5-AF29-F5A5E9AAE5AD}.Release|Any CPU.ActiveCfg = Release|Any CPU
		{E390B030-1507-48D5-AF29-F5A5E9AAE5AD}.Release|Any CPU.Build.0 = Release|Any CPU
		{A2243CED-07B8-43FA-8C1E-579BEAAFF3B7}.Debug|Any CPU.ActiveCfg = Debug|Any CPU
		{A2243CED-07B8-43FA-8C1E-579BEAAFF3B7}.Debug|Any CPU.Build.0 = Debug|Any CPU
		{A2243CED-07B8-43FA-8C1E-579BEAAFF3B7}.Release|Any CPU.ActiveCfg = Release|Any CPU
		{A2243CED-07B8-43FA-8C1E-579BEAAFF3B7}.Release|Any CPU.Build.0 = Release|Any CPU
		{8827F8B4-C645-451A-BD81-7DAE174982A9}.Debug|Any CPU.ActiveCfg = Debug|Any CPU
		{8827F8B4-C645-451A-BD81-7DAE174982A9}.Debug|Any CPU.Build.0 = Debug|Any CPU
		{8827F8B4-C645-451A-BD81-7DAE174982A9}.Release|Any CPU.ActiveCfg = Release|Any CPU
		{8827F8B4-C645-451A-BD81-7DAE174982A9}.Release|Any CPU.Build.0 = Release|Any CPU
	EndGlobalSection
	GlobalSection(SolutionProperties) = preSolution
		HideSolutionNode = FALSE
	EndGlobalSection
	GlobalSection(ExtensibilityGlobals) = postSolution
		SolutionGuid = {15680183-26C6-444A-A8C8-11BD899A894C}
	EndGlobalSection
EndGlobal
